
Microsoft Visual Studio Solution File, Format Version 12.00
# Visual Studio Version 17
VisualStudioVersion = 17.7.34018.315
MinimumVisualStudioVersion = 10.0.40219.1
Project("{FAE04EC0-301F-11D3-BF4B-00C04F79EFBC}") = "Code", "Code\Code.csproj", "{67D618B6-9AE6-4496-BCB5-808636889BC4}"
EndProject
Global
	GlobalSection(SolutionConfigurationPlatforms) = preSolution
		Debug|Any CPU = Debug|Any CPU
		Release|Any CPU = Release|Any CPU
	EndGlobalSection
	GlobalSection(ProjectConfigurationPlatforms) = postSolution
		{67D618B6-9AE6-4496-BCB5-808636889BC4}.Debug|Any CPU.ActiveCfg = Debug|Any CPU
		{67D618B6-9AE6-4496-BCB5-808636889BC4}.Debug|Any CPU.Build.0 = Debug|Any CPU
		{67D618B6-9AE6-4496-BCB5-808636889BC4}.Release|Any CPU.ActiveCfg = Release|Any CPU
		{67D618B6-9AE6-4496-BCB5-808636889BC4}.Release|Any CPU.Build.0 = Release|Any CPU
	EndGlobalSection
	GlobalSection(SolutionProperties) = preSolution
		HideSolutionNode = FALSE
	EndGlobalSection
	GlobalSection(ExtensibilityGlobals) = postSolution
		SolutionGuid = {D0065EC1-E528-4683-9F8E-847E2C203970}
	EndGlobalSection
EndGlobal
